
Microsoft Visual Studio Solution File, Format Version 12.00
Project("{FAE04EC0-301F-11D3-BF4B-00C04F79EFBC}") = "LeetifyWebhook", "LeetifyWebhook.csproj", "{DB94B02A-62F8-4DFE-81FD-5ADF96B2C0BE}"
EndProject
Global
	GlobalSection(SolutionConfigurationPlatforms) = preSolution
		Debug|Any CPU = Debug|Any CPU
		Release|Any CPU = Release|Any CPU
	EndGlobalSection
	GlobalSection(ProjectConfigurationPlatforms) = postSolution
		{DB94B02A-62F8-4DFE-81FD-5ADF96B2C0BE}.Debug|Any CPU.ActiveCfg = Debug|Any CPU
		{DB94B02A-62F8-4DFE-81FD-5ADF96B2C0BE}.Debug|Any CPU.Build.0 = Debug|Any CPU
		{DB94B02A-62F8-4DFE-81FD-5ADF96B2C0BE}.Release|Any CPU.ActiveCfg = Release|Any CPU
		{DB94B02A-62F8-4DFE-81FD-5ADF96B2C0BE}.Release|Any CPU.Build.0 = Release|Any CPU
	EndGlobalSection
EndGlobal
